
Microsoft Visual Studio Solution File, Format Version 12.00
# Visual Studio Version 16
VisualStudioVersion = 16.0.31313.79
MinimumVisualStudioVersion = 10.0.40219.1
Project("{FAE04EC0-301F-11D3-BF4B-00C04F79EFBC}") = "Staff_panel", "Staff_panel\Staff_panel.csproj", "{84071DD7-7093-43AC-96CD-4FC216F8AC39}"
EndProject
Global
	GlobalSection(SolutionConfigurationPlatforms) = preSolution
		Debug|Any CPU = Debug|Any CPU
		Release|Any CPU = Release|Any CPU
	EndGlobalSection
	GlobalSection(ProjectConfigurationPlatforms) = postSolution
		{84071DD7-7093-43AC-96CD-4FC216F8AC39}.Debug|Any CPU.ActiveCfg = Debug|Any CPU
		{84071DD7-7093-43AC-96CD-4FC216F8AC39}.Debug|Any CPU.Build.0 = Debug|Any CPU
		{84071DD7-7093-43AC-96CD-4FC216F8AC39}.Release|Any CPU.ActiveCfg = Release|Any CPU
		{84071DD7-7093-43AC-96CD-4FC216F8AC39}.Release|Any CPU.Build.0 = Release|Any CPU
	EndGlobalSection
	GlobalSection(SolutionProperties) = preSolution
		HideSolutionNode = FALSE
	EndGlobalSection
	GlobalSection(ExtensibilityGlobals) = postSolution
		SolutionGuid = {C3EB3DDF-2855-4812-AFE4-054A722749B1}
	EndGlobalSection
EndGlobal
